{
  "name": "ai-service",
  "version": "1.0.0",
  "lockfileVersion": 3,
  "requires": true,
  "packages": {
    "": {
      "name": "ai-service",
      "version": "1.0.0",
      "dependencies": {
        "midi-writer-js": "^3.1.1"
      },
      "devDependencies": {
        "@types/node": "^20.12.0",
        "typescript": "^5.4.0"
      }
    },
    "node_modules/@tonaljs/midi": {
      "version": "4.10.2",
      "resolved": "https://registry.npmjs.org/@tonaljs/midi/-/midi-4.10.2.tgz",
      "integrity": "sha512-MPamXhEwPL7L1udLfYMm3Ft8mLYtHr62Zi2w5zYHM2P7YwIvNoiX0+dvAN5is1Wvq4iVRa8AjFHerjOW/SZhGg==",
      "license": "MIT",
      "dependencies": {
        "@tonaljs/pitch-note": "6.1.0"
      }
    },
    "node_modules/@tonaljs/pitch": {
      "version": "5.0.2",
      "resolved": "https://registry.npmjs.org/@tonaljs/pitch/-/pitch-5.0.2.tgz",
      "integrity": "sha512-mxaXJPPe+LIJdjzpZEl8I8Wx3dEvlzkBbsr2Ltwc2dTAdnErAZ5R0TxVq2egF27lMvQN2QPQPWI9iDPPdVUmrg==",
      "license": "MIT"
    },
    "node_modules/@tonaljs/pitch-note": {
      "version": "6.1.0",
      "resolved": "https://registry.npmjs.org/@tonaljs/pitch-note/-/pitch-note-6.1.0.tgz",
      "integrity": "sha512-A4OSLo8DjM38u73862LnDmL4YInDDRBmg0fojXcvu4cyU3oOlqndyeHOra1OVoH/WW46uNIxNs1wJDZNPWL5KQ==",
      "license": "MIT",
      "dependencies": {
        "@tonaljs/pitch": "5.0.2"
      }
    },
    "node_modules/@types/node": {
      "version": "20.19.41",
      "resolved": "https://registry.npmjs.org/@types/node/-/node-20.19.41.tgz",
      "integrity": "sha512-ECymXOukMnOoVkC2bb1Vc/w/836DXncOg5m8Xj1RH7xSHZJWNYY6Zh7EH477vcnD5egKNNfy2RpNOmuChhFPgQ==",
      "dev": true,
      "license": "MIT",
      "dependencies": {
        "undici-types": "~6.21.0"
      }
    },
    "node_modules/midi-writer-js": {
      "version": "3.2.1",
      "resolved": "https://registry.npmjs.org/midi-writer-js/-/midi-writer-js-3.2.1.tgz",
      "integrity": "sha512-mILW/zthDiinxd/fsVfCe0XWef0hHQzS+fukjS3W+gwBG3ljur241u7CsEC5T+9cOwIPVZCgw37pjKiKb7LJ1g==",
      "hasInstallScript": true,
      "license": "MIT",
      "dependencies": {
        "@tonaljs/midi": "^4.9.0"
      }
    },
    "node_modules/typescript": {
      "version": "5.9.3",
      "resolved": "https://registry.npmjs.org/typescript/-/typescript-5.9.3.tgz",
      "integrity": "sha512-jl1vZzPDinLr9eUt3J/t7V6FgNEw9QjvBPdysz9KfQDD41fQrC2Y4vKQdiaUpFT4bXlb1RHhLpp8wtm6M5TgSw==",
      "dev": true,
      "license": "Apache-2.0",
      "bin": {
        "tsc": "bin/tsc",
        "tsserver": "bin/tsserver"
      },
      "engines": {
        "node": ">=14.17"
      }
    },
    "node_modules/undici-types": {
      "version": "6.21.0",
      "resolved": "https://registry.npmjs.org/undici-types/-/undici-types-6.21.0.tgz",
      "integrity": "sha512-iwDZqg0QAGrg9Rav5H4n0M64c3mkR59cJ6wQp+7C4nI0gsmExaedaYLNO44eT4AtBBwjbTiGPMlt2Md0T9H9JQ==",
      "dev": true,
      "license": "MIT"
    }
  }
}
